// !$*UTF8*$!
{
	archiveVersion = 1;
	classes = {
	};
	objectVersion = 56;
	objects = {

/* Begin PBXBuildFile section */
		8014F4292A0A26430017F90C /* DetailView.swift in Sources */ = {isa = PBXBuildFile; fileRef = 8014F4282A0A26430017F90C /* DetailView.swift */; };
		8014F42B2A0A3BA80017F90C /* EditDetailView.swift in Sources */ = {isa = PBXBuildFile; fileRef = 8014F42A2A0A3BA80017F90C /* EditDetailView.swift */; };
		8014F4332A0A7A5E0017F90C /* ToDoCell.swift in Sources */ = {isa = PBXBuildFile; fileRef = 8014F4312A0A7A5E0017F90C /* ToDoCell.swift */; };
		8014F4342A0A7A5E0017F90C /* ToDoCell.xib in Resources */ = {isa = PBXBuildFile; fileRef = 8014F4322A0A7A5E0017F90C /* ToDoCell.xib */; };
		802CAF3F2A029A23005B80D1 /* AppDelegate.swift in Sources */ = {isa = PBXBuildFile; fileRef = 802CAF3E2A029A23005B80D1 /* AppDelegate.swift */; };
		802CAF412A029A23005B80D1 /* SceneDelegate.swift in Sources */ = {isa = PBXBuildFile; fileRef = 802CAF402A029A23005B80D1 /* SceneDelegate.swift */; };
		802CAF432A029A23005B80D1 /* ViewController.swift in Sources */ = {isa = PBXBuildFile; fileRef = 802CAF422A029A23005B80D1 /* ViewController.swift */; };
		802CAF462A029A23005B80D1 /* Main.storyboard in Resources */ = {isa = PBXBuildFile; fileRef = 802CAF442A029A23005B80D1 /* Main.storyboard */; };
		802CAF482A029A25005B80D1 /* Assets.xcassets in Resources */ = {isa = PBXBuildFile; fileRef = 802CAF472A029A25005B80D1 /* Assets.xcassets */; };
		802CAF4B2A029A25005B80D1 /* LaunchScreen.storyboard in Resources */ = {isa = PBXBuildFile; fileRef = 802CAF492A029A25005B80D1 /* LaunchScreen.storyboard */; };
		802CAF552A03A304005B80D1 /* GreenMateList.swift in Sources */ = {isa = PBXBuildFile; fileRef = 802CAF532A03A304005B80D1 /* GreenMateList.swift */; };
		802CAF562A03A304005B80D1 /* GreenMateList.xib in Resources */ = {isa = PBXBuildFile; fileRef = 802CAF542A03A304005B80D1 /* GreenMateList.xib */; };
		8053529A2A10C33700E203BB /* DeleteGreenMate.swift in Sources */ = {isa = PBXBuildFile; fileRef = 805352992A10C33700E203BB /* DeleteGreenMate.swift */; };
		8053529C2A10CC6700E203BB /* CareViewController.swift in Sources */ = {isa = PBXBuildFile; fileRef = 8053529B2A10CC6700E203BB /* CareViewController.swift */; };
		8053529F2A10D0F700E203BB /* CareCollectionViewCell.swift in Sources */ = {isa = PBXBuildFile; fileRef = 8053529D2A10D0F700E203BB /* CareCollectionViewCell.swift */; };
		805352A02A10D0F700E203BB /* CareCollectionViewCell.xib in Resources */ = {isa = PBXBuildFile; fileRef = 8053529E2A10D0F700E203BB /* CareCollectionViewCell.xib */; };
		805352A22A10F4A000E203BB /* SerialNumberViewController.swift in Sources */ = {isa = PBXBuildFile; fileRef = 805352A12A10F4A000E203BB /* SerialNumberViewController.swift */; };
		805352A42A11124700E203BB /* TakePictureViewController.swift in Sources */ = {isa = PBXBuildFile; fileRef = 805352A32A11124700E203BB /* TakePictureViewController.swift */; };
		805352A62A112F5900E203BB /* NickNameViewController.swift in Sources */ = {isa = PBXBuildFile; fileRef = 805352A52A112F5900E203BB /* NickNameViewController.swift */; };
		805352A92A11E1BA00E203BB /* GreenMate.swift in Sources */ = {isa = PBXBuildFile; fileRef = 805352A82A11E1BA00E203BB /* GreenMate.swift */; };
		805352AB2A122E0800E203BB /* Care.swift in Sources */ = {isa = PBXBuildFile; fileRef = 805352AA2A122E0800E203BB /* Care.swift */; };
		80580A412A0E4080004164F9 /* WithDateCell.swift in Sources */ = {isa = PBXBuildFile; fileRef = 80580A3F2A0E4080004164F9 /* WithDateCell.swift */; };
		80580A422A0E4080004164F9 /* WithDateCell.xib in Resources */ = {isa = PBXBuildFile; fileRef = 80580A402A0E4080004164F9 /* WithDateCell.xib */; };
		9763D3E60CE7944F9D78EE19 /* Pods_GreenMate.framework in Frameworks */ = {isa = PBXBuildFile; fileRef = 31995DD32F1203287154A2EF /* Pods_GreenMate.framework */; };
/* End PBXBuildFile section */

/* Begin PBXFileReference section */
		31995DD32F1203287154A2EF /* Pods_GreenMate.framework */ = {isa = PBXFileReference; explicitFileType = wrapper.framework; includeInIndex = 0; path = Pods_GreenMate.framework; sourceTree = BUILT_PRODUCTS_DIR; };
		4950777DD903C126BF4EF9E2 /* Pods-GreenMate.release.xcconfig */ = {isa = PBXFileReference; includeInIndex = 1; lastKnownFileType = text.xcconfig; name = "Pods-GreenMate.release.xcconfig"; path = "Target Support Files/Pods-GreenMate/Pods-GreenMate.release.xcconfig"; sourceTree = "<group>"; };
		8014F4282A0A26430017F90C /* DetailView.swift */ = {isa = PBXFileReference; lastKnownFileType = sourcecode.swift; path = DetailView.swift; sourceTree = "<group>"; };
		8014F42A2A0A3BA80017F90C /* EditDetailView.swift */ = {isa = PBXFileReference; lastKnownFileType = sourcecode.swift; path = EditDetailView.swift; sourceTree = "<group>"; };
		8014F4312A0A7A5E0017F90C /* ToDoCell.swift */ = {isa = PBXFileReference; lastKnownFileType = sourcecode.swift; path = ToDoCell.swift; sourceTree = "<group>"; };
		8014F4322A0A7A5E0017F90C /* ToDoCell.xib */ = {isa = PBXFileReference; lastKnownFileType = file.xib; path = ToDoCell.xib; sourceTree = "<group>"; };
		802CAF3B2A029A23005B80D1 /* GreenMate.app */ = {isa = PBXFileReference; explicitFileType = wrapper.application; includeInIndex = 0; path = GreenMate.app; sourceTree = BUILT_PRODUCTS_DIR; };
		802CAF3E2A029A23005B80D1 /* AppDelegate.swift */ = {isa = PBXFileReference; lastKnownFileType = sourcecode.swift; path = AppDelegate.swift; sourceTree = "<group>"; };
		802CAF402A029A23005B80D1 /* SceneDelegate.swift */ = {isa = PBXFileReference; lastKnownFileType = sourcecode.swift; path = SceneDelegate.swift; sourceTree = "<group>"; };
		802CAF422A029A23005B80D1 /* ViewController.swift */ = {isa = PBXFileReference; lastKnownFileType = sourcecode.swift; path = ViewController.swift; sourceTree = "<group>"; };
		802CAF452A029A23005B80D1 /* Base */ = {isa = PBXFileReference; lastKnownFileType = file.storyboard; name = Base; path = Base.lproj/Main.storyboard; sourceTree = "<group>"; };
		802CAF472A029A25005B80D1 /* Assets.xcassets */ = {isa = PBXFileReference; lastKnownFileType = folder.assetcatalog; path = Assets.xcassets; sourceTree = "<group>"; };
		802CAF4A2A029A25005B80D1 /* Base */ = {isa = PBXFileReference; lastKnownFileType = file.storyboard; name = Base; path = Base.lproj/LaunchScreen.storyboard; sourceTree = "<group>"; };
		802CAF4C2A029A25005B80D1 /* Info.plist */ = {isa = PBXFileReference; lastKnownFileType = text.plist.xml; path = Info.plist; sourceTree = "<group>"; };
		802CAF532A03A304005B80D1 /* GreenMateList.swift */ = {isa = PBXFileReference; lastKnownFileType = sourcecode.swift; path = GreenMateList.swift; sourceTree = "<group>"; };
		802CAF542A03A304005B80D1 /* GreenMateList.xib */ = {isa = PBXFileReference; lastKnownFileType = file.xib; path = GreenMateList.xib; sourceTree = "<group>"; };
		805352992A10C33700E203BB /* DeleteGreenMate.swift */ = {isa = PBXFileReference; lastKnownFileType = sourcecode.swift; path = DeleteGreenMate.swift; sourceTree = "<group>"; };
		8053529B2A10CC6700E203BB /* CareViewController.swift */ = {isa = PBXFileReference; lastKnownFileType = sourcecode.swift; path = CareViewController.swift; sourceTree = "<group>"; };
		8053529D2A10D0F700E203BB /* CareCollectionViewCell.swift */ = {isa = PBXFileReference; lastKnownFileType = sourcecode.swift; path = CareCollectionViewCell.swift; sourceTree = "<group>"; };
		8053529E2A10D0F700E203BB /* CareCollectionViewCell.xib */ = {isa = PBXFileReference; lastKnownFileType = file.xib; path = CareCollectionViewCell.xib; sourceTree = "<group>"; };
		805352A12A10F4A000E203BB /* SerialNumberViewController.swift */ = {isa = PBXFileReference; lastKnownFileType = sourcecode.swift; path = SerialNumberViewController.swift; sourceTree = "<group>"; };
		805352A32A11124700E203BB /* TakePictureViewController.swift */ = {isa = PBXFileReference; lastKnownFileType = sourcecode.swift; path = TakePictureViewController.swift; sourceTree = "<group>"; };
		805352A52A112F5900E203BB /* NickNameViewController.swift */ = {isa = PBXFileReference; lastKnownFileType = sourcecode.swift; path = NickNameViewController.swift; sourceTree = "<group>"; };
		805352A82A11E1BA00E203BB /* GreenMate.swift */ = {isa = PBXFileReference; lastKnownFileType = sourcecode.swift; path = GreenMate.swift; sourceTree = "<group>"; };
		805352AA2A122E0800E203BB /* Care.swift */ = {isa = PBXFileReference; lastKnownFileType = sourcecode.swift; path = Care.swift; sourceTree = "<group>"; };
		80580A3F2A0E4080004164F9 /* WithDateCell.swift */ = {isa = PBXFileReference; lastKnownFileType = sourcecode.swift; path = WithDateCell.swift; sourceTree = "<group>"; };
		80580A402A0E4080004164F9 /* WithDateCell.xib */ = {isa = PBXFileReference; lastKnownFileType = file.xib; path = WithDateCell.xib; sourceTree = "<group>"; };
		9C5A76136F398A799B621028 /* Pods-GreenMate.debug.xcconfig */ = {isa = PBXFileReference; includeInIndex = 1; lastKnownFileType = text.xcconfig; name = "Pods-GreenMate.debug.xcconfig"; path = "Target Support Files/Pods-GreenMate/Pods-GreenMate.debug.xcconfig"; sourceTree = "<group>"; };
/* End PBXFileReference section */

/* Begin PBXFrameworksBuildPhase section */
		802CAF382A029A23005B80D1 /* Frameworks */ = {
			isa = PBXFrameworksBuildPhase;
			buildActionMask = 2147483647;
			files = (
				9763D3E60CE7944F9D78EE19 /* Pods_GreenMate.framework in Frameworks */,
			);
			runOnlyForDeploymentPostprocessing = 0;
		};
/* End PBXFrameworksBuildPhase section */

/* Begin PBXGroup section */
		45355659E11DED07066EA41A /* Frameworks */ = {
			isa = PBXGroup;
			children = (
				31995DD32F1203287154A2EF /* Pods_GreenMate.framework */,
			);
			name = Frameworks;
			sourceTree = "<group>";
		};
		7F44715E07C0F32FE7741645 /* Pods */ = {
			isa = PBXGroup;
			children = (
				9C5A76136F398A799B621028 /* Pods-GreenMate.debug.xcconfig */,
				4950777DD903C126BF4EF9E2 /* Pods-GreenMate.release.xcconfig */,
			);
			path = Pods;
			sourceTree = "<group>";
		};
		8014F42C2A0A7A120017F90C /* CustomView */ = {
			isa = PBXGroup;
			children = (
				802CAF532A03A304005B80D1 /* GreenMateList.swift */,
				802CAF542A03A304005B80D1 /* GreenMateList.xib */,
				8014F4312A0A7A5E0017F90C /* ToDoCell.swift */,
				8014F4322A0A7A5E0017F90C /* ToDoCell.xib */,
				80580A3F2A0E4080004164F9 /* WithDateCell.swift */,
				80580A402A0E4080004164F9 /* WithDateCell.xib */,
				8053529D2A10D0F700E203BB /* CareCollectionViewCell.swift */,
				8053529E2A10D0F700E203BB /* CareCollectionViewCell.xib */,
			);
			path = CustomView;
			sourceTree = "<group>";
		};
		802CAF322A029A23005B80D1 = {
			isa = PBXGroup;
			children = (
				802CAF3D2A029A23005B80D1 /* GreenMate */,
				802CAF3C2A029A23005B80D1 /* Products */,
				7F44715E07C0F32FE7741645 /* Pods */,
				45355659E11DED07066EA41A /* Frameworks */,
			);
			sourceTree = "<group>";
		};
		802CAF3C2A029A23005B80D1 /* Products */ = {
			isa = PBXGroup;
			children = (
				802CAF3B2A029A23005B80D1 /* GreenMate.app */,
			);
			name = Products;
			sourceTree = "<group>";
		};
		802CAF3D2A029A23005B80D1 /* GreenMate */ = {
			isa = PBXGroup;
			children = (
				805352A72A11E18A00E203BB /* Model */,
				802CAF522A02ABA0005B80D1 /* ViewController */,
				802CAF3E2A029A23005B80D1 /* AppDelegate.swift */,
				802CAF402A029A23005B80D1 /* SceneDelegate.swift */,
				802CAF442A029A23005B80D1 /* Main.storyboard */,
				802CAF472A029A25005B80D1 /* Assets.xcassets */,
				802CAF492A029A25005B80D1 /* LaunchScreen.storyboard */,
				802CAF4C2A029A25005B80D1 /* Info.plist */,
			);
			path = GreenMate;
			sourceTree = "<group>";
		};
		802CAF522A02ABA0005B80D1 /* ViewController */ = {
			isa = PBXGroup;
			children = (
				802CAF422A029A23005B80D1 /* ViewController.swift */,
				8014F4282A0A26430017F90C /* DetailView.swift */,
				8014F42A2A0A3BA80017F90C /* EditDetailView.swift */,
				805352992A10C33700E203BB /* DeleteGreenMate.swift */,
				8053529B2A10CC6700E203BB /* CareViewController.swift */,
				805352A12A10F4A000E203BB /* SerialNumberViewController.swift */,
				805352A32A11124700E203BB /* TakePictureViewController.swift */,
				805352A52A112F5900E203BB /* NickNameViewController.swift */,
				8014F42C2A0A7A120017F90C /* CustomView */,
			);
			path = ViewController;
			sourceTree = "<group>";
		};
		805352A72A11E18A00E203BB /* Model */ = {
			isa = PBXGroup;
			children = (
				805352A82A11E1BA00E203BB /* GreenMate.swift */,
				805352AA2A122E0800E203BB /* Care.swift */,
			);
			path = Model;
			sourceTree = "<group>";
		};
/* End PBXGroup section */

/* Begin PBXNativeTarget section */
		802CAF3A2A029A23005B80D1 /* GreenMate */ = {
			isa = PBXNativeTarget;
			buildConfigurationList = 802CAF4F2A029A26005B80D1 /* Build configuration list for PBXNativeTarget "GreenMate" */;
			buildPhases = (
				3796FF67E82093A374E51B75 /* [CP] Check Pods Manifest.lock */,
				802CAF372A029A23005B80D1 /* Sources */,
				802CAF382A029A23005B80D1 /* Frameworks */,
				802CAF392A029A23005B80D1 /* Resources */,
				D1DCD0626EFC6C1DDC712B9E /* [CP] Embed Pods Frameworks */,
			);
			buildRules = (
			);
			dependencies = (
			);
			name = GreenMate;
			productName = GreenMate;
			productReference = 802CAF3B2A029A23005B80D1 /* GreenMate.app */;
			productType = "com.apple.product-type.application";
		};
/* End PBXNativeTarget section */

/* Begin PBXProject section */
		802CAF332A029A23005B80D1 /* Project object */ = {
			isa = PBXProject;
			attributes = {
				BuildIndependentTargetsInParallel = 1;
				LastSwiftUpdateCheck = 1430;
				LastUpgradeCheck = 1430;
				TargetAttributes = {
					802CAF3A2A029A23005B80D1 = {
						CreatedOnToolsVersion = 14.3;
					};
				};
			};
			buildConfigurationList = 802CAF362A029A23005B80D1 /* Build configuration list for PBXProject "GreenMate" */;
			compatibilityVersion = "Xcode 14.0";
			developmentRegion = en;
			hasScannedForEncodings = 0;
			knownRegions = (
				en,
				Base,
			);
			mainGroup = 802CAF322A029A23005B80D1;
			productRefGroup = 802CAF3C2A029A23005B80D1 /* Products */;
			projectDirPath = "";
			projectRoot = "";
			targets = (
				802CAF3A2A029A23005B80D1 /* GreenMate */,
			);
		};
/* End PBXProject section */

/* Begin PBXResourcesBuildPhase section */
		802CAF392A029A23005B80D1 /* Resources */ = {
			isa = PBXResourcesBuildPhase;
			buildActionMask = 2147483647;
			files = (
				802CAF4B2A029A25005B80D1 /* LaunchScreen.storyboard in Resources */,
				8014F4342A0A7A5E0017F90C /* ToDoCell.xib in Resources */,
				802CAF482A029A25005B80D1 /* Assets.xcassets in Resources */,
				805352A02A10D0F700E203BB /* CareCollectionViewCell.xib in Resources */,
				80580A422A0E4080004164F9 /* WithDateCell.xib in Resources */,
				802CAF562A03A304005B80D1 /* GreenMateList.xib in Resources */,
				802CAF462A029A23005B80D1 /* Main.storyboard in Resources */,
			);
			runOnlyForDeploymentPostprocessing = 0;
		};
/* End PBXResourcesBuildPhase section */

/* Begin PBXShellScriptBuildPhase section */
		3796FF67E82093A374E51B75 /* [CP] Check Pods Manifest.lock */ = {
			isa = PBXShellScriptBuildPhase;
			buildActionMask = 2147483647;
			files = (
			);
			inputFileListPaths = (
			);
			inputPaths = (
				"${PODS_PODFILE_DIR_PATH}/Podfile.lock",
				"${PODS_ROOT}/Manifest.lock",
			);
			name = "[CP] Check Pods Manifest.lock";
			outputFileListPaths = (
			);
			outputPaths = (
				"$(DERIVED_FILE_DIR)/Pods-GreenMate-checkManifestLockResult.txt",
			);
			runOnlyForDeploymentPostprocessing = 0;
			shellPath = /bin/sh;
			shellScript = "diff \"${PODS_PODFILE_DIR_PATH}/Podfile.lock\" \"${PODS_ROOT}/Manifest.lock\" > /dev/null\nif [ $? != 0 ] ; then\n    # print error to STDERR\n    echo \"error: The sandbox is not in sync with the Podfile.lock. Run 'pod install' or update your CocoaPods installation.\" >&2\n    exit 1\nfi\n# This output is used by Xcode 'outputs' to avoid re-running this script phase.\necho \"SUCCESS\" > \"${SCRIPT_OUTPUT_FILE_0}\"\n";
			showEnvVarsInLog = 0;
		};
		D1DCD0626EFC6C1DDC712B9E /* [CP] Embed Pods Frameworks */ = {
			isa = PBXShellScriptBuildPhase;
			buildActionMask = 2147483647;
			files = (
			);
			inputFileListPaths = (
				"${PODS_ROOT}/Target Support Files/Pods-GreenMate/Pods-GreenMate-frameworks-${CONFIGURATION}-input-files.xcfilelist",
			);
			name = "[CP] Embed Pods Frameworks";
			outputFileListPaths = (
				"${PODS_ROOT}/Target Support Files/Pods-GreenMate/Pods-GreenMate-frameworks-${CONFIGURATION}-output-files.xcfilelist",
			);
			runOnlyForDeploymentPostprocessing = 0;
			shellPath = /bin/sh;
			shellScript = "\"${PODS_ROOT}/Target Support Files/Pods-GreenMate/Pods-GreenMate-frameworks.sh\"\n";
			showEnvVarsInLog = 0;
		};
/* End PBXShellScriptBuildPhase section */

/* Begin PBXSourcesBuildPhase section */
		802CAF372A029A23005B80D1 /* Sources */ = {
			isa = PBXSourcesBuildPhase;
			buildActionMask = 2147483647;
			files = (
				805352AB2A122E0800E203BB /* Care.swift in Sources */,
				802CAF432A029A23005B80D1 /* ViewController.swift in Sources */,
				802CAF3F2A029A23005B80D1 /* AppDelegate.swift in Sources */,
				805352A22A10F4A000E203BB /* SerialNumberViewController.swift in Sources */,
				805352A42A11124700E203BB /* TakePictureViewController.swift in Sources */,
				8053529F2A10D0F700E203BB /* CareCollectionViewCell.swift in Sources */,
				8053529C2A10CC6700E203BB /* CareViewController.swift in Sources */,
				8053529A2A10C33700E203BB /* DeleteGreenMate.swift in Sources */,
				8014F4332A0A7A5E0017F90C /* ToDoCell.swift in Sources */,
				802CAF552A03A304005B80D1 /* GreenMateList.swift in Sources */,
				805352A92A11E1BA00E203BB /* GreenMate.swift in Sources */,
				8014F42B2A0A3BA80017F90C /* EditDetailView.swift in Sources */,
				805352A62A112F5900E203BB /* NickNameViewController.swift in Sources */,
				8014F4292A0A26430017F90C /* DetailView.swift in Sources */,
				802CAF412A029A23005B80D1 /* SceneDelegate.swift in Sources */,
				80580A412A0E4080004164F9 /* WithDateCell.swift in Sources */,
			);
			runOnlyForDeploymentPostprocessing = 0;
		};
/* End PBXSourcesBuildPhase section */

/* Begin PBXVariantGroup section */
		802CAF442A029A23005B80D1 /* Main.storyboard */ = {
			isa = PBXVariantGroup;
			children = (
				802CAF452A029A23005B80D1 /* Base */,
			);
			name = Main.storyboard;
			sourceTree = "<group>";
		};
		802CAF492A029A25005B80D1 /* LaunchScreen.storyboard */ = {
			isa = PBXVariantGroup;
			children = (
				802CAF4A2A029A25005B80D1 /* Base */,
			);
			name = LaunchScreen.storyboard;
			sourceTree = "<group>";
		};
/* End PBXVariantGroup section */

/* Begin XCBuildConfiguration section */
		802CAF4D2A029A25005B80D1 /* Debug */ = {
			isa = XCBuildConfiguration;
			buildSettings = {
				ALWAYS_SEARCH_USER_PATHS = NO;
				CLANG_ANALYZER_NONNULL = YES;
				CLANG_ANALYZER_NUMBER_OBJECT_CONVERSION = YES_AGGRESSIVE;
				CLANG_CXX_LANGUAGE_STANDARD = "gnu++20";
				CLANG_ENABLE_MODULES = YES;
				CLANG_ENABLE_OBJC_ARC = YES;
				CLANG_ENABLE_OBJC_WEAK = YES;
				CLANG_WARN_BLOCK_CAPTURE_AUTORELEASING = YES;
				CLANG_WARN_BOOL_CONVERSION = YES;
				CLANG_WARN_COMMA = YES;
				CLANG_WARN_CONSTANT_CONVERSION = YES;
				CLANG_WARN_DEPRECATED_OBJC_IMPLEMENTATIONS = YES;
				CLANG_WARN_DIRECT_OBJC_ISA_USAGE = YES_ERROR;
				CLANG_WARN_DOCUMENTATION_COMMENTS = YES;
				CLANG_WARN_EMPTY_BODY = YES;
				CLANG_WARN_ENUM_CONVERSION = YES;
				CLANG_WARN_INFINITE_RECURSION = YES;
				CLANG_WARN_INT_CONVERSION = YES;
				CLANG_WARN_NON_LITERAL_NULL_CONVERSION = YES;
				CLANG_WARN_OBJC_IMPLICIT_RETAIN_SELF = YES;
				CLANG_WARN_OBJC_LITERAL_CONVERSION = YES;
				CLANG_WARN_OBJC_ROOT_CLASS = YES_ERROR;
				CLANG_WARN_QUOTED_INCLUDE_IN_FRAMEWORK_HEADER = YES;
				CLANG_WARN_RANGE_LOOP_ANALYSIS = YES;
				CLANG_WARN_STRICT_PROTOTYPES = YES;
				CLANG_WARN_SUSPICIOUS_MOVE = YES;
				CLANG_WARN_UNGUARDED_AVAILABILITY = YES_AGGRESSIVE;
				CLANG_WARN_UNREACHABLE_CODE = YES;
				CLANG_WARN__DUPLICATE_METHOD_MATCH = YES;
				COPY_PHASE_STRIP = NO;
				DEBUG_INFORMATION_FORMAT = dwarf;
				ENABLE_STRICT_OBJC_MSGSEND = YES;
				ENABLE_TESTABILITY = YES;
				GCC_C_LANGUAGE_STANDARD = gnu11;
				GCC_DYNAMIC_NO_PIC = NO;
				GCC_NO_COMMON_BLOCKS = YES;
				GCC_OPTIMIZATION_LEVEL = 0;
				GCC_PREPROCESSOR_DEFINITIONS = (
					"DEBUG=1",
					"$(inherited)",
				);
				GCC_WARN_64_TO_32_BIT_CONVERSION = YES;
				GCC_WARN_ABOUT_RETURN_TYPE = YES_ERROR;
				GCC_WARN_UNDECLARED_SELECTOR = YES;
				GCC_WARN_UNINITIALIZED_AUTOS = YES_AGGRESSIVE;
				GCC_WARN_UNUSED_FUNCTION = YES;
				GCC_WARN_UNUSED_VARIABLE = YES;
				IPHONEOS_DEPLOYMENT_TARGET = 16.4;
				MTL_ENABLE_DEBUG_INFO = INCLUDE_SOURCE;
				MTL_FAST_MATH = YES;
				ONLY_ACTIVE_ARCH = YES;
				SDKROOT = iphoneos;
				SWIFT_ACTIVE_COMPILATION_CONDITIONS = DEBUG;
				SWIFT_OPTIMIZATION_LEVEL = "-Onone";
			};
			name = Debug;
		};
		802CAF4E2A029A25005B80D1 /* Release */ = {
			isa = XCBuildConfiguration;
			buildSettings = {
				ALWAYS_SEARCH_USER_PATHS = NO;
				CLANG_ANALYZER_NONNULL = YES;
				CLANG_ANALYZER_NUMBER_OBJECT_CONVERSION = YES_AGGRESSIVE;
				CLANG_CXX_LANGUAGE_STANDARD = "gnu++20";
				CLANG_ENABLE_MODULES = YES;
				CLANG_ENABLE_OBJC_ARC = YES;
				CLANG_ENABLE_OBJC_WEAK = YES;
				CLANG_WARN_BLOCK_CAPTURE_AUTORELEASING = YES;
				CLANG_WARN_BOOL_CONVERSION = YES;
				CLANG_WARN_COMMA = YES;
				CLANG_WARN_CONSTANT_CONVERSION = YES;
				CLANG_WARN_DEPRECATED_OBJC_IMPLEMENTATIONS = YES;
				CLANG_WARN_DIRECT_OBJC_ISA_USAGE = YES_ERROR;
				CLANG_WARN_DOCUMENTATION_COMMENTS = YES;
				CLANG_WARN_EMPTY_BODY = YES;
				CLANG_WARN_ENUM_CONVERSION = YES;
				CLANG_WARN_INFINITE_RECURSION = YES;
				CLANG_WARN_INT_CONVERSION = YES;
				CLANG_WARN_NON_LITERAL_NULL_CONVERSION = YES;
				CLANG_WARN_OBJC_IMPLICIT_RETAIN_SELF = YES;
				CLANG_WARN_OBJC_LITERAL_CONVERSION = YES;
				CLANG_WARN_OBJC_ROOT_CLASS = YES_ERROR;
				CLANG_WARN_QUOTED_INCLUDE_IN_FRAMEWORK_HEADER = YES;
				CLANG_WARN_RANGE_LOOP_ANALYSIS = YES;
				CLANG_WARN_STRICT_PROTOTYPES = YES;
				CLANG_WARN_SUSPICIOUS_MOVE = YES;
				CLANG_WARN_UNGUARDED_AVAILABILITY = YES_AGGRESSIVE;
				CLANG_WARN_UNREACHABLE_CODE = YES;
				CLANG_WARN__DUPLICATE_METHOD_MATCH = YES;
				COPY_PHASE_STRIP = NO;
				DEBUG_INFORMATION_FORMAT = "dwarf-with-dsym";
				ENABLE_NS_ASSERTIONS = NO;
				ENABLE_STRICT_OBJC_MSGSEND = YES;
				GCC_C_LANGUAGE_STANDARD = gnu11;
				GCC_NO_COMMON_BLOCKS = YES;
				GCC_WARN_64_TO_32_BIT_CONVERSION = YES;
				GCC_WARN_ABOUT_RETURN_TYPE = YES_ERROR;
				GCC_WARN_UNDECLARED_SELECTOR = YES;
				GCC_WARN_UNINITIALIZED_AUTOS = YES_AGGRESSIVE;
				GCC_WARN_UNUSED_FUNCTION = YES;
				GCC_WARN_UNUSED_VARIABLE = YES;
				IPHONEOS_DEPLOYMENT_TARGET = 16.4;
				MTL_ENABLE_DEBUG_INFO = NO;
				MTL_FAST_MATH = YES;
				SDKROOT = iphoneos;
				SWIFT_COMPILATION_MODE = wholemodule;
				SWIFT_OPTIMIZATION_LEVEL = "-O";
				VALIDATE_PRODUCT = YES;
			};
			name = Release;
		};
		802CAF502A029A26005B80D1 /* Debug */ = {
			isa = XCBuildConfiguration;
			baseConfigurationReference = 9C5A76136F398A799B621028 /* Pods-GreenMate.debug.xcconfig */;
			buildSettings = {
				ASSETCATALOG_COMPILER_APPICON_NAME = AppIcon;
				ASSETCATALOG_COMPILER_GLOBAL_ACCENT_COLOR_NAME = AccentColor;
				CODE_SIGN_STYLE = Automatic;
				CURRENT_PROJECT_VERSION = 1;
				DEVELOPMENT_TEAM = HK9U3ZG9M5;
				GENERATE_INFOPLIST_FILE = YES;
				INFOPLIST_FILE = GreenMate/Info.plist;
				INFOPLIST_KEY_NSCameraUsageDescription = "카메라 허용해주세요!";
				INFOPLIST_KEY_UIApplicationSupportsIndirectInputEvents = YES;
				INFOPLIST_KEY_UILaunchStoryboardName = LaunchScreen;
				INFOPLIST_KEY_UIMainStoryboardFile = Main;
				INFOPLIST_KEY_UISupportedInterfaceOrientations_iPad = "UIInterfaceOrientationPortrait UIInterfaceOrientationPortraitUpsideDown UIInterfaceOrientationLandscapeLeft UIInterfaceOrientationLandscapeRight";
				INFOPLIST_KEY_UISupportedInterfaceOrientations_iPhone = "UIInterfaceOrientationPortrait UIInterfaceOrientationLandscapeLeft UIInterfaceOrientationLandscapeRight";
				LD_RUNPATH_SEARCH_PATHS = (
					"$(inherited)",
					"@executable_path/Frameworks",
				);
				MARKETING_VERSION = 1.0;
				PRODUCT_BUNDLE_IDENTIFIER = febby.GreenMate;
				PRODUCT_NAME = "$(TARGET_NAME)";
				SWIFT_EMIT_LOC_STRINGS = YES;
				SWIFT_VERSION = 5.0;
				TARGETED_DEVICE_FAMILY = "1,2";
			};
			name = Debug;
		};
		802CAF512A029A26005B80D1 /* Release */ = {
			isa = XCBuildConfiguration;
			baseConfigurationReference = 4950777DD903C126BF4EF9E2 /* Pods-GreenMate.release.xcconfig */;
			buildSettings = {
				ASSETCATALOG_COMPILER_APPICON_NAME = AppIcon;
				ASSETCATALOG_COMPILER_GLOBAL_ACCENT_COLOR_NAME = AccentColor;
				CODE_SIGN_STYLE = Automatic;
				CURRENT_PROJECT_VERSION = 1;
				DEVELOPMENT_TEAM = HK9U3ZG9M5;
				GENERATE_INFOPLIST_FILE = YES;
				INFOPLIST_FILE = GreenMate/Info.plist;
				INFOPLIST_KEY_NSCameraUsageDescription = "카메라 허용해주세요!";
				INFOPLIST_KEY_UIApplicationSupportsIndirectInputEvents = YES;
				INFOPLIST_KEY_UILaunchStoryboardName = LaunchScreen;
				INFOPLIST_KEY_UIMainStoryboardFile = Main;
				INFOPLIST_KEY_UISupportedInterfaceOrientations_iPad = "UIInterfaceOrientationPortrait UIInterfaceOrientationPortraitUpsideDown UIInterfaceOrientationLandscapeLeft UIInterfaceOrientationLandscapeRight";
				INFOPLIST_KEY_UISupportedInterfaceOrientations_iPhone = "UIInterfaceOrientationPortrait UIInterfaceOrientationLandscapeLeft UIInterfaceOrientationLandscapeRight";
				LD_RUNPATH_SEARCH_PATHS = (
					"$(inherited)",
					"@executable_path/Frameworks",
				);
				MARKETING_VERSION = 1.0;
				PRODUCT_BUNDLE_IDENTIFIER = febby.GreenMate;
				PRODUCT_NAME = "$(TARGET_NAME)";
				SWIFT_EMIT_LOC_STRINGS = YES;
				SWIFT_VERSION = 5.0;
				TARGETED_DEVICE_FAMILY = "1,2";
			};
			name = Release;
		};
/* End XCBuildConfiguration section */

/* Begin XCConfigurationList section */
		802CAF362A029A23005B80D1 /* Build configuration list for PBXProject "GreenMate" */ = {
			isa = XCConfigurationList;
			buildConfigurations = (
				802CAF4D2A029A25005B80D1 /* Debug */,
				802CAF4E2A029A25005B80D1 /* Release */,
			);
			defaultConfigurationIsVisible = 0;
			defaultConfigurationName = Release;
		};
		802CAF4F2A029A26005B80D1 /* Build configuration list for PBXNativeTarget "GreenMate" */ = {
			isa = XCConfigurationList;
			buildConfigurations = (
				802CAF502A029A26005B80D1 /* Debug */,
				802CAF512A029A26005B80D1 /* Release */,
			);
			defaultConfigurationIsVisible = 0;
			defaultConfigurationName = Release;
		};
/* End XCConfigurationList section */
	};
	rootObject = 802CAF332A029A23005B80D1 /* Project object */;
}
